
Microsoft Visual Studio Solution File, Format Version 12.00
# Visual Studio 15
VisualStudioVersion = 15.0.27428.2015
MinimumVisualStudioVersion = 10.0.40219.1
Project("{FAE04EC0-301F-11D3-BF4B-00C04F79EFBC}") = "HtmlToXml", "HtmlToXml\HtmlToXml.csproj", "{CB41EA1D-7E54-4412-B486-A6E83D76D747}"
EndProject
Project("{FAE04EC0-301F-11D3-BF4B-00C04F79EFBC}") = "HtmlToXmlTest", "HtmlToXmlTest\HtmlToXmlTest.csproj", "{2E4745A3-B17D-4C18-A1A4-5C6966B5FB02}"
EndProject
Global
	GlobalSection(SolutionConfigurationPlatforms) = preSolution
		Debug|Any CPU = Debug|Any CPU
		Release|Any CPU = Release|Any CPU
	EndGlobalSection
	GlobalSection(ProjectConfigurationPlatforms) = postSolution
		{CB41EA1D-7E54-4412-B486-A6E83D76D747}.Debug|Any CPU.ActiveCfg = Debug|Any CPU
		{CB41EA1D-7E54-4412-B486-A6E83D76D747}.Debug|Any CPU.Build.0 = Debug|Any CPU
		{CB41EA1D-7E54-4412-B486-A6E83D76D747}.Release|Any CPU.ActiveCfg = Release|Any CPU
		{CB41EA1D-7E54-4412-B486-A6E83D76D747}.Release|Any CPU.Build.0 = Release|Any CPU
		{2E4745A3-B17D-4C18-A1A4-5C6966B5FB02}.Debug|Any CPU.ActiveCfg = Debug|Any CPU
		{2E4745A3-B17D-4C18-A1A4-5C6966B5FB02}.Debug|Any CPU.Build.0 = Debug|Any CPU
		{2E4745A3-B17D-4C18-A1A4-5C6966B5FB02}.Release|Any CPU.ActiveCfg = Release|Any CPU
		{2E4745A3-B17D-4C18-A1A4-5C6966B5FB02}.Release|Any CPU.Build.0 = Release|Any CPU
	EndGlobalSection
	GlobalSection(SolutionProperties) = preSolution
		HideSolutionNode = FALSE
	EndGlobalSection
	GlobalSection(ExtensibilityGlobals) = postSolution
		SolutionGuid = {9A401A86-D252-42CF-BF2E-C44603222F89}
	EndGlobalSection
EndGlobal
